
Microsoft Visual Studio Solution File, Format Version 12.00
# Visual Studio Version 17
VisualStudioVersion = 17.10.35122.118
MinimumVisualStudioVersion = 10.0.40219.1
Project("{FAE04EC0-301F-11D3-BF4B-00C04F79EFBC}") = "Form", "Form\Form.csproj", "{BB0CADF8-EF2B-4D07-AD49-15C30373D770}"
EndProject
Global
	GlobalSection(SolutionConfigurationPlatforms) = preSolution
		Debug|Any CPU = Debug|Any CPU
		Release|Any CPU = Release|Any CPU
	EndGlobalSection
	GlobalSection(ProjectConfigurationPlatforms) = postSolution
		{BB0CADF8-EF2B-4D07-AD49-15C30373D770}.Debug|Any CPU.ActiveCfg = Debug|Any CPU
		{BB0CADF8-EF2B-4D07-AD49-15C30373D770}.Debug|Any CPU.Build.0 = Debug|Any CPU
		{BB0CADF8-EF2B-4D07-AD49-15C30373D770}.Release|Any CPU.ActiveCfg = Release|Any CPU
		{BB0CADF8-EF2B-4D07-AD49-15C30373D770}.Release|Any CPU.Build.0 = Release|Any CPU
	EndGlobalSection
	GlobalSection(SolutionProperties) = preSolution
		HideSolutionNode = FALSE
	EndGlobalSection
	GlobalSection(ExtensibilityGlobals) = postSolution
		SolutionGuid = {5954CD4D-1CA8-46FD-B483-76A07FB01CD9}
	EndGlobalSection
EndGlobal
